
Microsoft Visual Studio Solution File, Format Version 12.00
# Visual Studio Version 17
VisualStudioVersion = 17.7.34024.191
MinimumVisualStudioVersion = 10.0.40219.1
Project("{FAE04EC0-301F-11D3-BF4B-00C04F79EFBC}") = "DataAccess", "DataAccess\DataAccess.csproj", "{3C9DDAA7-49D4-41E9-8221-ACB2E7C42F2F}"
EndProject
Project("{FAE04EC0-301F-11D3-BF4B-00C04F79EFBC}") = "BusinessObject", "BusinessObject\BusinessObject.csproj", "{516ACF03-7DE0-4FF1-B591-31F1BA6C55AF}"
EndProject
Project("{FAE04EC0-301F-11D3-BF4B-00C04F79EFBC}") = "SalesWPFApp", "SalesWPFApp\SalesWPFApp.csproj", "{D0C72849-648F-442A-8F87-EF09E4EB8BE4}"
EndProject
Global
	GlobalSection(SolutionConfigurationPlatforms) = preSolution
		Debug|Any CPU = Debug|Any CPU
		Release|Any CPU = Release|Any CPU
	EndGlobalSection
	GlobalSection(ProjectConfigurationPlatforms) = postSolution
		{3C9DDAA7-49D4-41E9-8221-ACB2E7C42F2F}.Debug|Any CPU.ActiveCfg = Debug|Any CPU
		{3C9DDAA7-49D4-41E9-8221-ACB2E7C42F2F}.Debug|Any CPU.Build.0 = Debug|Any CPU
		{3C9DDAA7-49D4-41E9-8221-ACB2E7C42F2F}.Release|Any CPU.ActiveCfg = Release|Any CPU
		{3C9DDAA7-49D4-41E9-8221-ACB2E7C42F2F}.Release|Any CPU.Build.0 = Release|Any CPU
		{516ACF03-7DE0-4FF1-B591-31F1BA6C55AF}.Debug|Any CPU.ActiveCfg = Debug|Any CPU
		{516ACF03-7DE0-4FF1-B591-31F1BA6C55AF}.Debug|Any CPU.Build.0 = Debug|Any CPU
		{516ACF03-7DE0-4FF1-B591-31F1BA6C55AF}.Release|Any CPU.ActiveCfg = Release|Any CPU
		{516ACF03-7DE0-4FF1-B591-31F1BA6C55AF}.Release|Any CPU.Build.0 = Release|Any CPU
		{D0C72849-648F-442A-8F87-EF09E4EB8BE4}.Debug|Any CPU.ActiveCfg = Debug|Any CPU
		{D0C72849-648F-442A-8F87-EF09E4EB8BE4}.Debug|Any CPU.Build.0 = Debug|Any CPU
		{D0C72849-648F-442A-8F87-EF09E4EB8BE4}.Release|Any CPU.ActiveCfg = Release|Any CPU
		{D0C72849-648F-442A-8F87-EF09E4EB8BE4}.Release|Any CPU.Build.0 = Release|Any CPU
	EndGlobalSection
	GlobalSection(SolutionProperties) = preSolution
		HideSolutionNode = FALSE
	EndGlobalSection
	GlobalSection(ExtensibilityGlobals) = postSolution
		SolutionGuid = {A23A64C5-81BB-4879-B3BE-693C2F31F173}
	EndGlobalSection
EndGlobal
